version = 1
revision = 3
requires-python = ">=3.13"

[[package]]
name = "cli-helpers"
version = "2.7.0"
source = { registry = "https://pypi.org/simple" }
dependencies = [
    { name = "configobj" },
    { name = "tabulate", extra = ["widechars"] },
]
sdist = { url = "https://files.pythonhosted.org/packages/5a/e6/51b043e8c4ae390af61af35f73a9c2a69a26ea9cf4d061ab45c59f8e20f4/cli_helpers-2.7.0.tar.gz", hash = "sha256:62d11710dbebc2fc460003de1215688325d8636859056d688b38419bd4048bc0", size = 40089, upload-time = "2025-07-28T10:36:18.494Z" }
wheels = [
    { url = "https://files.pythonhosted.org/packages/8c/71/2a516ec309b2cebc09608c38aa3ed5f2684a192e69a146c99f4faae5e640/cli_helpers-2.7.0-py3-none-any.whl", hash = "sha256:f7e163ae17bc11ed7ca92c41bf31b63187ed79c9439fbc9474f6b496e7cb6d07", size = 20804, upload-time = "2025-07-28T10:36:17.231Z" },
]

[package.optional-dependencies]
styles = [
    { name = "pygments" },
]

[[package]]
name = "click"
version = "8.3.0"
source = { registry = "https://pypi.org/simple" }
dependencies = [
    { name = "colorama", marker = "sys_platform == 'win32'" },
]
sdist = { url = "https://files.pythonhosted.org/packages/46/61/de6cd827efad202d7057d93e0fed9294b96952e188f7384832791c7b2254/click-8.3.0.tar.gz", hash = "sha256:e7b8232224eba16f4ebe410c25ced9f7875cb5f3263ffc93cc3e8da705e229c4", size = 276943, upload-time = "2025-09-18T17:32:23.696Z" }
wheels = [
    { url = "https://files.pythonhosted.org/packages/db/d3/9dcc0f5797f070ec8edf30fbadfb200e71d9db6b84d211e3b2085a7589a0/click-8.3.0-py3-none-any.whl", hash = "sha256:9b9f285302c6e3064f4330c05f05b81945b2a39544279343e6e7c5f27a9baddc", size = 107295, upload-time = "2025-09-18T17:32:22.42Z" },
]

[[package]]
name = "colorama"
version = "0.4.6"
source = { registry = "https://pypi.org/simple" }
sdist = { url = "https://files.pythonhosted.org/packages/d8/53/6f443c9a4a8358a93a6792e2acffb9d9d5cb0a5cfd8802644b7b1c9a02e4/colorama-0.4.6.tar.gz", hash = "sha256:08695f5cb7ed6e0531a20572697297273c47b8cae5a63ffc6d6ed5c201be6e44", size = 27697, upload-time = "2022-10-25T02:36:22.414Z" }
wheels = [
    { url = "https://files.pythonhosted.org/packages/d1/d6/3965ed04c63042e047cb6a3e6ed1a63a35087b6a609aa3a15ed8ac56c221/colorama-0.4.6-py2.py3-none-any.whl", hash = "sha256:4f1d9991f5acc0ca119f9d443620b77f9d6b33703e51011c16baf57afb285fc6", size = 25335, upload-time = "2022-10-25T02:36:20.889Z" },
]

[[package]]
name = "configobj"
version = "5.0.9"
source = { registry = "https://pypi.org/simple" }
sdist = { url = "https://files.pythonhosted.org/packages/f5/c4/c7f9e41bc2e5f8eeae4a08a01c91b2aea3dfab40a3e14b25e87e7db8d501/configobj-5.0.9.tar.gz", hash = "sha256:03c881bbf23aa07bccf1b837005975993c4ab4427ba57f959afdd9d1a2386848", size = 101518, upload-time = "2024-09-21T12:47:46.315Z" }
wheels = [
    { url = "https://files.pythonhosted.org/packages/a6/c4/0679472c60052c27efa612b4cd3ddd2a23e885dcdc73461781d2c802d39e/configobj-5.0.9-py2.py3-none-any.whl", hash = "sha256:1ba10c5b6ee16229c79a05047aeda2b55eb4e80d7c7d8ecf17ec1ca600c79882", size = 35615, upload-time = "2024-11-26T14:03:32.972Z" },
]

[[package]]
name = "pgcli"
version = "4.3.0"
source = { registry = "https://pypi.org/simple" }
dependencies = [
    { name = "cli-helpers", extra = ["styles"] },
    { name = "click" },
    { name = "configobj" },
    { name = "pgspecial" },
    { name = "prompt-toolkit" },
    { name = "psycopg", marker = "sys_platform != 'win32'" },
    { name = "psycopg-binary", marker = "sys_platform == 'win32'" },
    { name = "pygments" },
    { name = "setproctitle", marker = "sys_platform != 'win32' and 'CYGWIN' not in sys_platform" },
    { name = "sqlparse" },
    { name = "tzlocal" },
]
sdist = { url = "https://files.pythonhosted.org/packages/ab/9a/c86de44b7a663f0a15cb835d317f22f2ef8438154f6b646ffe32baa3799d/pgcli-4.3.0.tar.gz", hash = "sha256:765ae1550c5508a481f19f16a99716c253fe91afb255797add2d635da20b6aef", size = 147254, upload-time = "2025-03-22T22:04:51.903Z" }
wheels = [
    { url = "https://files.pythonhosted.org/packages/78/b4/1229fbe208450998c1e66f5dd2b7e59277602911b5cd2e502dcbffd4c8df/pgcli-4.3.0-py3-none-any.whl", hash = "sha256:1b06710c837407465ad200b636a604b5e1a6ad3e05eabfd8306e13de247765b9", size = 85466, upload-time = "2025-03-22T22:04:49.775Z" },
]

[[package]]
name = "pgspecial"
version = "2.2.1"
source = { registry = "https://pypi.org/simple" }
dependencies = [
    { name = "click" },
    { name = "psycopg" },
    { name = "sqlparse" },
]
sdist = { url = "https://files.pythonhosted.org/packages/12/b3/f342d6a9ec37fddff8c30b4f6eb5e83990f5d33135cecf381d3f7a0c1c9c/pgspecial-2.2.1.tar.gz", hash = "sha256:da6c7fcc7bef7bb0132dc2046f74ec6513b1fe6f0c80e5528d630d14b7c4849d", size = 50389, upload-time = "2025-04-28T03:56:04.334Z" }
wheels = [
    { url = "https://files.pythonhosted.org/packages/84/9f/151c714d38f893d31688c9454646a078a8d884d9d8d39e3b281178f4d8b9/pgspecial-2.2.1-py3-none-any.whl", hash = "sha256:08d86faaf360603a25850e259efc083bded4c1e8ffd2cfe2950b8ceefdfb4c9c", size = 35758, upload-time = "2025-04-28T03:56:03.057Z" },
]

[[package]]
name = "prompt-toolkit"
version = "3.0.52"
source = { registry = "https://pypi.org/simple" }
dependencies = [
    { name = "wcwidth" },
]
sdist = { url = "https://files.pythonhosted.org/packages/a1/96/06e01a7b38dce6fe1db213e061a4602dd6032a8a97ef6c1a862537732421/prompt_toolkit-3.0.52.tar.gz", hash = "sha256:28cde192929c8e7321de85de1ddbe736f1375148b02f2e17edd840042b1be855", size = 434198, upload-time = "2025-08-27T15:24:02.057Z" }
wheels = [
    { url = "https://files.pythonhosted.org/packages/84/03/0d3ce49e2505ae70cf43bc5bb3033955d2fc9f932163e84dc0779cc47f48/prompt_toolkit-3.0.52-py3-none-any.whl", hash = "sha256:9aac639a3bbd33284347de5ad8d68ecc044b91a762dc39b7c21095fcd6a19955", size = 391431, upload-time = "2025-08-27T15:23:59.498Z" },
]

[[package]]
name = "psql-pager"
version = "0.1.0"
source = { virtual = "." }
dependencies = [
    { name = "pgcli" },
]

[package.metadata]
requires-dist = [{ name = "pgcli", specifier = ">=4.3.0" }]

[[package]]
name = "psycopg"
version = "3.2.10"
source = { registry = "https://pypi.org/simple" }
dependencies = [
    { name = "tzdata", marker = "sys_platform == 'win32'" },
]
sdist = { url = "https://files.pythonhosted.org/packages/a9/f1/0258a123c045afaf3c3b60c22ccff077bceeb24b8dc2c593270899353bd0/psycopg-3.2.10.tar.gz", hash = "sha256:0bce99269d16ed18401683a8569b2c5abd94f72f8364856d56c0389bcd50972a", size = 160380, upload-time = "2025-09-08T09:13:37.775Z" }
wheels = [
    { url = "https://files.pythonhosted.org/packages/4a/90/422ffbbeeb9418c795dae2a768db860401446af0c6768bc061ce22325f58/psycopg-3.2.10-py3-none-any.whl", hash = "sha256:ab5caf09a9ec42e314a21f5216dbcceac528e0e05142e42eea83a3b28b320ac3", size = 206586, upload-time = "2025-09-08T09:07:50.121Z" },
]

[[package]]
name = "psycopg-binary"
version = "3.2.10"
source = { registry = "https://pypi.org/simple" }
wheels = [
    { url = "https://files.pythonhosted.org/packages/c5/91/c10cfccb75464adb4781486e0014ecd7c2ad6decf6cbe0afd8db65ac2bc9/psycopg_binary-3.2.10-cp313-cp313-win_amd64.whl", hash = "sha256:8390db6d2010ffcaf7f2b42339a2da620a7125d37029c1f9b72dfb04a8e7be6f", size = 2881466, upload-time = "2025-09-08T09:11:14.078Z" },
    { url = "https://files.pythonhosted.org/packages/5a/dd/464bd739bacb3b745a1c93bc15f20f0b1e27f0a64ec693367794b398673b/psycopg_binary-3.2.10-cp314-cp314-win_amd64.whl", hash = "sha256:d5c6a66a76022af41970bf19f51bc6bf87bd10165783dd1d40484bfd87d6b382", size = 2973554, upload-time = "2025-09-08T09:12:05.884Z" },
]

[[package]]
name = "pygments"
version = "2.19.2"
source = { registry = "https://pypi.org/simple" }
sdist = { url = "https://files.pythonhosted.org/packages/b0/77/a5b8c569bf593b0140bde72ea885a803b82086995367bf2037de0159d924/pygments-2.19.2.tar.gz", hash = "sha256:636cb2477cec7f8952536970bc533bc43743542f70392ae026374600add5b887", size = 4968631, upload-time = "2025-06-21T13:39:12.283Z" }
wheels = [
    { url = "https://files.pythonhosted.org/packages/c7/21/705964c7812476f378728bdf590ca4b771ec72385c533964653c68e86bdc/pygments-2.19.2-py3-none-any.whl", hash = "sha256:86540386c03d588bb81d44bc3928634ff26449851e99741617ecb9037ee5ec0b", size = 1225217, upload-time = "2025-06-21T13:39:07.939Z" },
]

[[package]]
name = "setproctitle"
version = "1.3.7"
source = { registry = "https://pypi.org/simple" }
sdist = { url = "https://files.pythonhosted.org/packages/8d/48/49393a96a2eef1ab418b17475fb92b8fcfad83d099e678751b05472e69de/setproctitle-1.3.7.tar.gz", hash = "sha256:bc2bc917691c1537d5b9bca1468437176809c7e11e5694ca79a9ca12345dcb9e", size = 27002, upload-time = "2025-09-05T12:51:25.278Z" }
wheels = [
    { url = "https://files.pythonhosted.org/packages/5d/2f/fcedcade3b307a391b6e17c774c6261a7166aed641aee00ed2aad96c63ce/setproctitle-1.3.7-cp313-cp313-macosx_10_13_universal2.whl", hash = "sha256:c3736b2a423146b5e62230502e47e08e68282ff3b69bcfe08a322bee73407922", size = 18047, upload-time = "2025-09-05T12:49:50.271Z" },
    { url = "https://files.pythonhosted.org/packages/23/ae/afc141ca9631350d0a80b8f287aac79a76f26b6af28fd8bf92dae70dc2c5/setproctitle-1.3.7-cp313-cp313-macosx_11_0_arm64.whl", hash = "sha256:3384e682b158d569e85a51cfbde2afd1ab57ecf93ea6651fe198d0ba451196ee", size = 13073, upload-time = "2025-09-05T12:49:51.46Z" },
    { url = "https://files.pythonhosted.org/packages/87/ed/0a4f00315bc02510395b95eec3d4aa77c07192ee79f0baae77ea7b9603d8/setproctitle-1.3.7-cp313-cp313-manylinux1_x86_64.manylinux_2_28_x86_64.manylinux_2_5_x86_64.whl", hash = "sha256:0564a936ea687cd24dffcea35903e2a20962aa6ac20e61dd3a207652401492dd", size = 33284, upload-time = "2025-09-05T12:49:52.741Z" },
    { url = "https://files.pythonhosted.org/packages/fc/e4/adf3c4c0a2173cb7920dc9df710bcc67e9bcdbf377e243b7a962dc31a51a/setproctitle-1.3.7-cp313-cp313-manylinux2014_aarch64.manylinux_2_17_aarch64.manylinux_2_28_aarch64.whl", hash = "sha256:a5d1cb3f81531f0eb40e13246b679a1bdb58762b170303463cb06ecc296f26d0", size = 34104, upload-time = "2025-09-05T12:49:54.416Z" },
    { url = "https://files.pythonhosted.org/packages/52/4f/6daf66394152756664257180439d37047aa9a1cfaa5e4f5ed35e93d1dc06/setproctitle-1.3.7-cp313-cp313-manylinux2014_ppc64le.manylinux_2_17_ppc64le.manylinux_2_28_ppc64le.whl", hash = "sha256:a7d159e7345f343b44330cbba9194169b8590cb13dae940da47aa36a72aa9929", size = 35982, upload-time = "2025-09-05T12:49:56.295Z" },
    { url = "https://files.pythonhosted.org/packages/1b/62/f2c0595403cf915db031f346b0e3b2c0096050e90e0be658a64f44f4278a/setproctitle-1.3.7-cp313-cp313-musllinux_1_2_aarch64.whl", hash = "sha256:0b5074649797fd07c72ca1f6bff0406f4a42e1194faac03ecaab765ce605866f", size = 33150, upload-time = "2025-09-05T12:49:58.025Z" },
    { url = "https://files.pythonhosted.org/packages/a0/29/10dd41cde849fb2f9b626c846b7ea30c99c81a18a5037a45cc4ba33c19a7/setproctitle-1.3.7-cp313-cp313-musllinux_1_2_ppc64le.whl", hash = "sha256:61e96febced3f61b766115381d97a21a6265a0f29188a791f6df7ed777aef698", size = 34463, upload-time = "2025-09-05T12:49:59.424Z" },
    { url = "https://files.pythonhosted.org/packages/71/3c/cedd8eccfaf15fb73a2c20525b68c9477518917c9437737fa0fda91e378f/setproctitle-1.3.7-cp313-cp313-musllinux_1_2_x86_64.whl", hash = "sha256:047138279f9463f06b858e579cc79580fbf7a04554d24e6bddf8fe5dddbe3d4c", size = 32848, upload-time = "2025-09-05T12:50:01.107Z" },
    { url = "https://files.pythonhosted.org/packages/e6/a4/d588d3497d4714750e3eaf269e9e8985449203d82b16b933c39bd3fc52a1/setproctitle-1.3.7-cp313-cp313t-macosx_10_13_universal2.whl", hash = "sha256:10e92915c4b3086b1586933a36faf4f92f903c5554f3c34102d18c7d3f5378e9", size = 18058, upload-time = "2025-09-05T12:50:02.501Z" },
    { url = "https://files.pythonhosted.org/packages/05/77/7637f7682322a7244e07c373881c7e982567e2cb1dd2f31bd31481e45500/setproctitle-1.3.7-cp313-cp313t-macosx_11_0_arm64.whl", hash = "sha256:de879e9c2eab637f34b1a14c4da1e030c12658cdc69ee1b3e5be81b380163ce5", size = 13072, upload-time = "2025-09-05T12:50:03.601Z" },
    { url = "https://files.pythonhosted.org/packages/52/09/f366eca0973cfbac1470068d1313fa3fe3de4a594683385204ec7f1c4101/setproctitle-1.3.7-cp313-cp313t-manylinux1_x86_64.manylinux_2_28_x86_64.manylinux_2_5_x86_64.whl", hash = "sha256:c18246d88e227a5b16248687514f95642505000442165f4b7db354d39d0e4c29", size = 34490, upload-time = "2025-09-05T12:50:04.948Z" },
    { url = "https://files.pythonhosted.org/packages/71/36/611fc2ed149fdea17c3677e1d0df30d8186eef9562acc248682b91312706/setproctitle-1.3.7-cp313-cp313t-manylinux2014_aarch64.manylinux_2_17_aarch64.manylinux_2_28_aarch64.whl", hash = "sha256:7081f193dab22df2c36f9fc6d113f3793f83c27891af8fe30c64d89d9a37e152", size = 35267, upload-time = "2025-09-05T12:50:06.015Z" },
    { url = "https://files.pythonhosted.org/packages/88/a4/64e77d0671446bd5a5554387b69e1efd915274686844bea733714c828813/setproctitle-1.3.7-cp313-cp313t-manylinux2014_ppc64le.manylinux_2_17_ppc64le.manylinux_2_28_ppc64le.whl", hash = "sha256:9cc9b901ce129350637426a89cfd650066a4adc6899e47822e2478a74023ff7c", size = 37376, upload-time = "2025-09-05T12:50:07.484Z" },
    { url = "https://files.pythonhosted.org/packages/89/bc/ad9c664fe524fb4a4b2d3663661a5c63453ce851736171e454fa2cdec35c/setproctitle-1.3.7-cp313-cp313t-musllinux_1_2_aarch64.whl", hash = "sha256:80e177eff2d1ec172188d0d7fd9694f8e43d3aab76a6f5f929bee7bf7894e98b", size = 33963, upload-time = "2025-09-05T12:50:09.056Z" },
    { url = "https://files.pythonhosted.org/packages/ab/01/a36de7caf2d90c4c28678da1466b47495cbbad43badb4e982d8db8167ed4/setproctitle-1.3.7-cp313-cp313t-musllinux_1_2_ppc64le.whl", hash = "sha256:23e520776c445478a67ee71b2a3c1ffdafbe1f9f677239e03d7e2cc635954e18", size = 35550, upload-time = "2025-09-05T12:50:10.791Z" },
    { url = "https://files.pythonhosted.org/packages/dd/68/17e8aea0ed5ebc17fbf03ed2562bfab277c280e3625850c38d92a7b5fcd9/setproctitle-1.3.7-cp313-cp313t-musllinux_1_2_x86_64.whl", hash = "sha256:5fa1953126a3b9bd47049d58c51b9dac72e78ed120459bd3aceb1bacee72357c", size = 33727, upload-time = "2025-09-05T12:50:12.032Z" },
    { url = "https://files.pythonhosted.org/packages/89/c7/43ac3a98414f91d1b86a276bc2f799ad0b4b010e08497a95750d5bc42803/setproctitle-1.3.7-cp314-cp314-macosx_10_13_universal2.whl", hash = "sha256:80c36c6a87ff72eabf621d0c79b66f3bdd0ecc79e873c1e9f0651ee8bf215c63", size = 18052, upload-time = "2025-09-05T12:50:17.928Z" },
    { url = "https://files.pythonhosted.org/packages/cd/2c/dc258600a25e1a1f04948073826bebc55e18dbd99dc65a576277a82146fa/setproctitle-1.3.7-cp314-cp314-macosx_11_0_arm64.whl", hash = "sha256:b53602371a52b91c80aaf578b5ada29d311d12b8a69c0c17fbc35b76a1fd4f2e", size = 13071, upload-time = "2025-09-05T12:50:19.061Z" },
    { url = "https://files.pythonhosted.org/packages/ab/26/8e3bb082992f19823d831f3d62a89409deb6092e72fc6940962983ffc94f/setproctitle-1.3.7-cp314-cp314-manylinux1_x86_64.manylinux_2_28_x86_64.manylinux_2_5_x86_64.whl", hash = "sha256:fcb966a6c57cf07cc9448321a08f3be6b11b7635be502669bc1d8745115d7e7f", size = 33180, upload-time = "2025-09-05T12:50:20.395Z" },
    { url = "https://files.pythonhosted.org/packages/f1/af/ae692a20276d1159dd0cf77b0bcf92cbb954b965655eb4a69672099bb214/setproctitle-1.3.7-cp314-cp314-manylinux2014_aarch64.manylinux_2_17_aarch64.manylinux_2_28_aarch64.whl", hash = "sha256:46178672599b940368d769474fe13ecef1b587d58bb438ea72b9987f74c56ea5", size = 34043, upload-time = "2025-09-05T12:50:22.454Z" },
    { url = "https://files.pythonhosted.org/packages/34/b2/6a092076324dd4dac1a6d38482bedebbff5cf34ef29f58585ec76e47bc9d/setproctitle-1.3.7-cp314-cp314-manylinux2014_ppc64le.manylinux_2_17_ppc64le.manylinux_2_28_ppc64le.whl", hash = "sha256:7f9e9e3ff135cbcc3edd2f4cf29b139f4aca040d931573102742db70ff428c17", size = 35892, upload-time = "2025-09-05T12:50:23.937Z" },
    { url = "https://files.pythonhosted.org/packages/1c/1a/8836b9f28cee32859ac36c3df85aa03e1ff4598d23ea17ca2e96b5845a8f/setproctitle-1.3.7-cp314-cp314-musllinux_1_2_aarch64.whl", hash = "sha256:14c7eba8d90c93b0e79c01f0bd92a37b61983c27d6d7d5a3b5defd599113d60e", size = 32898, upload-time = "2025-09-05T12:50:25.617Z" },
    { url = "https://files.pythonhosted.org/packages/ef/22/8fabdc24baf42defb599714799d8445fe3ae987ec425a26ec8e80ea38f8e/setproctitle-1.3.7-cp314-cp314-musllinux_1_2_ppc64le.whl", hash = "sha256:9e64e98077fb30b6cf98073d6c439cd91deb8ebbf8fc62d9dbf52bd38b0c6ac0", size = 34308, upload-time = "2025-09-05T12:50:26.827Z" },
    { url = "https://files.pythonhosted.org/packages/15/1b/b9bee9de6c8cdcb3b3a6cb0b3e773afdb86bbbc1665a3bfa424a4294fda2/setproctitle-1.3.7-cp314-cp314-musllinux_1_2_x86_64.whl", hash = "sha256:b91387cc0f02a00ac95dcd93f066242d3cca10ff9e6153de7ee07069c6f0f7c8", size = 32536, upload-time = "2025-09-05T12:50:28.5Z" },
    { url = "https://files.pythonhosted.org/packages/01/6d/20886c8ff2e6d85e3cabadab6aab9bb90acaf1a5cfcb04d633f8d61b2626/setproctitle-1.3.7-cp314-cp314t-macosx_10_13_universal2.whl", hash = "sha256:6fc87caf9e323ac426910306c3e5d3205cd9f8dcac06d233fcafe9337f0928a3", size = 18062, upload-time = "2025-09-05T12:50:29.78Z" },
    { url = "https://files.pythonhosted.org/packages/9a/60/26dfc5f198715f1343b95c2f7a1c16ae9ffa45bd89ffd45a60ed258d24ea/setproctitle-1.3.7-cp314-cp314t-macosx_11_0_arm64.whl", hash = "sha256:6134c63853d87a4897ba7d5cc0e16abfa687f6c66fc09f262bb70d67718f2309", size = 13075, upload-time = "2025-09-05T12:50:31.604Z" },
    { url = "https://files.pythonhosted.org/packages/21/9c/980b01f50d51345dd513047e3ba9e96468134b9181319093e61db1c47188/setproctitle-1.3.7-cp314-cp314t-manylinux1_x86_64.manylinux_2_28_x86_64.manylinux_2_5_x86_64.whl", hash = "sha256:1403d2abfd32790b6369916e2313dffbe87d6b11dca5bbd898981bcde48e7a2b", size = 34744, upload-time = "2025-09-05T12:50:32.777Z" },
    { url = "https://files.pythonhosted.org/packages/86/b4/82cd0c86e6d1c4538e1a7eb908c7517721513b801dff4ba3f98ef816a240/setproctitle-1.3.7-cp314-cp314t-manylinux2014_aarch64.manylinux_2_17_aarch64.manylinux_2_28_aarch64.whl", hash = "sha256:e7c5bfe4228ea22373e3025965d1a4116097e555ee3436044f5c954a5e63ac45", size = 35589, upload-time = "2025-09-05T12:50:34.13Z" },
    { url = "https://files.pythonhosted.org/packages/8a/4f/9f6b2a7417fd45673037554021c888b31247f7594ff4bd2239918c5cd6d0/setproctitle-1.3.7-cp314-cp314t-manylinux2014_ppc64le.manylinux_2_17_ppc64le.manylinux_2_28_ppc64le.whl", hash = "sha256:585edf25e54e21a94ccb0fe81ad32b9196b69ebc4fc25f81da81fb8a50cca9e4", size = 37698, upload-time = "2025-09-05T12:50:35.524Z" },
    { url = "https://files.pythonhosted.org/packages/20/92/927b7d4744aac214d149c892cb5fa6dc6f49cfa040cb2b0a844acd63dcaf/setproctitle-1.3.7-cp314-cp314t-musllinux_1_2_aarch64.whl", hash = "sha256:96c38cdeef9036eb2724c2210e8d0b93224e709af68c435d46a4733a3675fee1", size = 34201, upload-time = "2025-09-05T12:50:36.697Z" },
    { url = "https://files.pythonhosted.org/packages/0a/0c/fd4901db5ba4b9d9013e62f61d9c18d52290497f956745cd3e91b0d80f90/setproctitle-1.3.7-cp314-cp314t-musllinux_1_2_ppc64le.whl", hash = "sha256:45e3ef48350abb49cf937d0a8ba15e42cee1e5ae13ca41a77c66d1abc27a5070", size = 35801, upload-time = "2025-09-05T12:50:38.314Z" },
    { url = "https://files.pythonhosted.org/packages/e7/e3/54b496ac724e60e61cc3447f02690105901ca6d90da0377dffe49ff99fc7/setproctitle-1.3.7-cp314-cp314t-musllinux_1_2_x86_64.whl", hash = "sha256:1fae595d032b30dab4d659bece20debd202229fce12b55abab978b7f30783d73", size = 33958, upload-time = "2025-09-05T12:50:39.841Z" },
]

[[package]]
name = "sqlparse"
version = "0.5.3"
source = { registry = "https://pypi.org/simple" }
sdist = { url = "https://files.pythonhosted.org/packages/e5/40/edede8dd6977b0d3da179a342c198ed100dd2aba4be081861ee5911e4da4/sqlparse-0.5.3.tar.gz", hash = "sha256:09f67787f56a0b16ecdbde1bfc7f5d9c3371ca683cfeaa8e6ff60b4807ec9272", size = 84999, upload-time = "2024-12-10T12:05:30.728Z" }
wheels = [
    { url = "https://files.pythonhosted.org/packages/a9/5c/bfd6bd0bf979426d405cc6e71eceb8701b148b16c21d2dc3c261efc61c7b/sqlparse-0.5.3-py3-none-any.whl", hash = "sha256:cf2196ed3418f3ba5de6af7e82c694a9fbdbfecccdfc72e281548517081f16ca", size = 44415, upload-time = "2024-12-10T12:05:27.824Z" },
]

[[package]]
name = "tabulate"
version = "0.9.0"
source = { registry = "https://pypi.org/simple" }
sdist = { url = "https://files.pythonhosted.org/packages/ec/fe/802052aecb21e3797b8f7902564ab6ea0d60ff8ca23952079064155d1ae1/tabulate-0.9.0.tar.gz", hash = "sha256:0095b12bf5966de529c0feb1fa08671671b3368eec77d7ef7ab114be2c068b3c", size = 81090, upload-time = "2022-10-06T17:21:48.54Z" }
wheels = [
    { url = "https://files.pythonhosted.org/packages/40/44/4a5f08c96eb108af5cb50b41f76142f0afa346dfa99d5296fe7202a11854/tabulate-0.9.0-py3-none-any.whl", hash = "sha256:024ca478df22e9340661486f85298cff5f6dcdba14f3813e8830015b9ed1948f", size = 35252, upload-time = "2022-10-06T17:21:44.262Z" },
]

[package.optional-dependencies]
widechars = [
    { name = "wcwidth" },
]

[[package]]
name = "tzdata"
version = "2025.2"
source = { registry = "https://pypi.org/simple" }
sdist = { url = "https://files.pythonhosted.org/packages/95/32/1a225d6164441be760d75c2c42e2780dc0873fe382da3e98a2e1e48361e5/tzdata-2025.2.tar.gz", hash = "sha256:b60a638fcc0daffadf82fe0f57e53d06bdec2f36c4df66280ae79bce6bd6f2b9", size = 196380, upload-time = "2025-03-23T13:54:43.652Z" }
wheels = [
    { url = "https://files.pythonhosted.org/packages/5c/23/c7abc0ca0a1526a0774eca151daeb8de62ec457e77262b66b359c3c7679e/tzdata-2025.2-py2.py3-none-any.whl", hash = "sha256:1a403fada01ff9221ca8044d701868fa132215d84beb92242d9acd2147f667a8", size = 347839, upload-time = "2025-03-23T13:54:41.845Z" },
]

[[package]]
name = "tzlocal"
version = "5.3.1"
source = { registry = "https://pypi.org/simple" }
dependencies = [
    { name = "tzdata", marker = "sys_platform == 'win32'" },
]
sdist = { url = "https://files.pythonhosted.org/packages/8b/2e/c14812d3d4d9cd1773c6be938f89e5735a1f11a9f184ac3639b93cef35d5/tzlocal-5.3.1.tar.gz", hash = "sha256:cceffc7edecefea1f595541dbd6e990cb1ea3d19bf01b2809f362a03dd7921fd", size = 30761, upload-time = "2025-03-05T21:17:41.549Z" }
wheels = [
    { url = "https://files.pythonhosted.org/packages/c2/14/e2a54fabd4f08cd7af1c07030603c3356b74da07f7cc056e600436edfa17/tzlocal-5.3.1-py3-none-any.whl", hash = "sha256:eb1a66c3ef5847adf7a834f1be0800581b683b5608e74f86ecbcef8ab91bb85d", size = 18026, upload-time = "2025-03-05T21:17:39.857Z" },
]

[[package]]
name = "wcwidth"
version = "0.2.14"
source = { registry = "https://pypi.org/simple" }
sdist = { url = "https://files.pythonhosted.org/packages/24/30/6b0809f4510673dc723187aeaf24c7f5459922d01e2f794277a3dfb90345/wcwidth-0.2.14.tar.gz", hash = "sha256:4d478375d31bc5395a3c55c40ccdf3354688364cd61c4f6adacaa9215d0b3605", size = 102293, upload-time = "2025-09-22T16:29:53.023Z" }
wheels = [
    { url = "https://files.pythonhosted.org/packages/af/b5/123f13c975e9f27ab9c0770f514345bd406d0e8d3b7a0723af9d43f710af/wcwidth-0.2.14-py2.py3-none-any.whl", hash = "sha256:a7bb560c8aee30f9957e5f9895805edd20602f2d7f720186dfd906e82b4982e1", size = 37286, upload-time = "2025-09-22T16:29:51.641Z" },
]
